
Microsoft Visual Studio Solution File, Format Version 12.00
# Visual Studio Version 17
VisualStudioVersion = 17.0.32112.339
MinimumVisualStudioVersion = 10.0.40219.1
Project("{FAE04EC0-301F-11D3-BF4B-00C04F79EFBC}") = "WebFlix", "WebFlix\WebFlix.csproj", "{B313DA5D-A3FE-4AF9-99A6-901154FF49ED}"
EndProject
Global
	GlobalSection(SolutionConfigurationPlatforms) = preSolution
		Debug|Any CPU = Debug|Any CPU
		Release|Any CPU = Release|Any CPU
	EndGlobalSection
	GlobalSection(ProjectConfigurationPlatforms) = postSolution
		{B313DA5D-A3FE-4AF9-99A6-901154FF49ED}.Debug|Any CPU.ActiveCfg = Debug|Any CPU
		{B313DA5D-A3FE-4AF9-99A6-901154FF49ED}.Debug|Any CPU.Build.0 = Debug|Any CPU
		{B313DA5D-A3FE-4AF9-99A6-901154FF49ED}.Release|Any CPU.ActiveCfg = Release|Any CPU
		{B313DA5D-A3FE-4AF9-99A6-901154FF49ED}.Release|Any CPU.Build.0 = Release|Any CPU
	EndGlobalSection
	GlobalSection(SolutionProperties) = preSolution
		HideSolutionNode = FALSE
	EndGlobalSection
	GlobalSection(ExtensibilityGlobals) = postSolution
		SolutionGuid = {D68ADE9A-B31F-45C8-89F4-17AD6B33289A}
	EndGlobalSection
EndGlobal
